// !$*UTF8*$!
{
	archiveVersion = 1;
	classes = {
	};
	objectVersion = 46;
	objects = {

/* Begin PBXBuildFile section */
		84DB2D091DF80D5D001242A7 /* AppDelegate.swift in Sources */ = {isa = PBXBuildFile; fileRef = 84DB2D081DF80D5D001242A7 /* AppDelegate.swift */; };
		84DB2D0B1DF80D5D001242A7 /* ViewController.swift in Sources */ = {isa = PBXBuildFile; fileRef = 84DB2D0A1DF80D5D001242A7 /* ViewController.swift */; };
		84DB2D0E1DF80D5D001242A7 /* Main.storyboard in Resources */ = {isa = PBXBuildFile; fileRef = 84DB2D0C1DF80D5D001242A7 /* Main.storyboard */; };
		84DB2D101DF80D5D001242A7 /* Assets.xcassets in Resources */ = {isa = PBXBuildFile; fileRef = 84DB2D0F1DF80D5D001242A7 /* Assets.xcassets */; };
		84DB2D131DF80D5D001242A7 /* LaunchScreen.storyboard in Resources */ = {isa = PBXBuildFile; fileRef = 84DB2D111DF80D5D001242A7 /* LaunchScreen.storyboard */; };
		84DB2D1E1DF80D5D001242A7 /* calculator1Tests.swift in Sources */ = {isa = PBXBuildFile; fileRef = 84DB2D1D1DF80D5D001242A7 /* calculator1Tests.swift */; };
		84DB2D291DF80D5D001242A7 /* calculator1UITests.swift in Sources */ = {isa = PBXBuildFile; fileRef = 84DB2D281DF80D5D001242A7 /* calculator1UITests.swift */; };
/* End PBXBuildFile section */

/* Begin PBXContainerItemProxy section */
		84DB2D1A1DF80D5D001242A7 /* PBXContainerItemProxy */ = {
			isa = PBXContainerItemProxy;
			containerPortal = 84DB2CFD1DF80D5D001242A7 /* Project object */;
			proxyType = 1;
			remoteGlobalIDString = 84DB2D041DF80D5D001242A7;
			remoteInfo = calculator1;
		};
		84DB2D251DF80D5D001242A7 /* PBXContainerItemProxy */ = {
			isa = PBXContainerItemProxy;
			containerPortal = 84DB2CFD1DF80D5D001242A7 /* Project object */;
			proxyType = 1;
			remoteGlobalIDString = 84DB2D041DF80D5D001242A7;
			remoteInfo = calculator1;
		};
/* End PBXContainerItemProxy section */

/* Begin PBXFileReference section */
		84DB2D051DF80D5D001242A7 /* calculator1.app */ = {isa = PBXFileReference; explicitFileType = wrapper.application; includeInIndex = 0; path = calculator1.app; sourceTree = BUILT_PRODUCTS_DIR; };
		84DB2D081DF80D5D001242A7 /* AppDelegate.swift */ = {isa = PBXFileReference; lastKnownFileType = sourcecode.swift; path = AppDelegate.swift; sourceTree = "<group>"; };
		84DB2D0A1DF80D5D001242A7 /* ViewController.swift */ = {isa = PBXFileReference; lastKnownFileType = sourcecode.swift; path = ViewController.swift; sourceTree = "<group>"; };
		84DB2D0D1DF80D5D001242A7 /* Base */ = {isa = PBXFileReference; lastKnownFileType = file.storyboard; name = Base; path = Base.lproj/Main.storyboard; sourceTree = "<group>"; };
		84DB2D0F1DF80D5D001242A7 /* Assets.xcassets */ = {isa = PBXFileReference; lastKnownFileType = folder.assetcatalog; path = Assets.xcassets; sourceTree = "<group>"; };
		84DB2D121DF80D5D001242A7 /* Base */ = {isa = PBXFileReference; lastKnownFileType = file.storyboard; name = Base; path = Base.lproj/LaunchScreen.storyboard; sourceTree = "<group>"; };
		84DB2D141DF80D5D001242A7 /* Info.plist */ = {isa = PBXFileReference; lastKnownFileType = text.plist.xml; path = Info.plist; sourceTree = "<group>"; };
		84DB2D191DF80D5D001242A7 /* calculator1Tests.xctest */ = {isa = PBXFileReference; explicitFileType = wrapper.cfbundle; includeInIndex = 0; path = calculator1Tests.xctest; sourceTree = BUILT_PRODUCTS_DIR; };
		84DB2D1D1DF80D5D001242A7 /* calculator1Tests.swift */ = {isa = PBXFileReference; lastKnownFileType = sourcecode.swift; path = calculator1Tests.swift; sourceTree = "<group>"; };
		84DB2D1F1DF80D5D001242A7 /* Info.plist */ = {isa = PBXFileReference; lastKnownFileType = text.plist.xml; path = Info.plist; sourceTree = "<group>"; };
		84DB2D241DF80D5D001242A7 /* calculator1UITests.xctest */ = {isa = PBXFileReference; explicitFileType = wrapper.cfbundle; includeInIndex = 0; path = calculator1UITests.xctest; sourceTree = BUILT_PRODUCTS_DIR; };
		84DB2D281DF80D5D001242A7 /* calculator1UITests.swift */ = {isa = PBXFileReference; lastKnownFileType = sourcecode.swift; path = calculator1UITests.swift; sourceTree = "<group>"; };
		84DB2D2A1DF80D5D001242A7 /* Info.plist */ = {isa = PBXFileReference; lastKnownFileType = text.plist.xml; path = Info.plist; sourceTree = "<group>"; };
/* End PBXFileReference section */

/* Begin PBXFrameworksBuildPhase section */
		84DB2D021DF80D5D001242A7 /* Frameworks */ = {
			isa = PBXFrameworksBuildPhase;
			buildActionMask = 2147483647;
			files = (
			);
			runOnlyForDeploymentPostprocessing = 0;
		};
		84DB2D161DF80D5D001242A7 /* Frameworks */ = {
			isa = PBXFrameworksBuildPhase;
			buildActionMask = 2147483647;
			files = (
			);
			runOnlyForDeploymentPostprocessing = 0;
		};
		84DB2D211DF80D5D001242A7 /* Frameworks */ = {
			isa = PBXFrameworksBuildPhase;
			buildActionMask = 2147483647;
			files = (
			);
			runOnlyForDeploymentPostprocessing = 0;
		};
/* End PBXFrameworksBuildPhase section */

/* Begin PBXGroup section */
		84DB2CFC1DF80D5D001242A7 = {
			isa = PBXGroup;
			children = (
				84DB2D071DF80D5D001242A7 /* calculator1 */,
				84DB2D1C1DF80D5D001242A7 /* calculator1Tests */,
				84DB2D271DF80D5D001242A7 /* calculator1UITests */,
				84DB2D061DF80D5D001242A7 /* Products */,
			);
			sourceTree = "<group>";
		};
		84DB2D061DF80D5D001242A7 /* Products */ = {
			isa = PBXGroup;
			children = (
				84DB2D051DF80D5D001242A7 /* calculator1.app */,
				84DB2D191DF80D5D001242A7 /* calculator1Tests.xctest */,
				84DB2D241DF80D5D001242A7 /* calculator1UITests.xctest */,
			);
			name = Products;
			sourceTree = "<group>";
		};
		84DB2D071DF80D5D001242A7 /* calculator1 */ = {
			isa = PBXGroup;
			children = (
				84DB2D081DF80D5D001242A7 /* AppDelegate.swift */,
				84DB2D0A1DF80D5D001242A7 /* ViewController.swift */,
				84DB2D0C1DF80D5D001242A7 /* Main.storyboard */,
				84DB2D0F1DF80D5D001242A7 /* Assets.xcassets */,
				84DB2D111DF80D5D001242A7 /* LaunchScreen.storyboard */,
				84DB2D141DF80D5D001242A7 /* Info.plist */,
			);
			path = calculator1;
			sourceTree = "<group>";
		};
		84DB2D1C1DF80D5D001242A7 /* calculator1Tests */ = {
			isa = PBXGroup;
			children = (
				84DB2D1D1DF80D5D001242A7 /* calculator1Tests.swift */,
				84DB2D1F1DF80D5D001242A7 /* Info.plist */,
			);
			path = calculator1Tests;
			sourceTree = "<group>";
		};
		84DB2D271DF80D5D001242A7 /* calculator1UITests */ = {
			isa = PBXGroup;
			children = (
				84DB2D281DF80D5D001242A7 /* calculator1UITests.swift */,
				84DB2D2A1DF80D5D001242A7 /* Info.plist */,
			);
			path = calculator1UITests;
			sourceTree = "<group>";
		};
/* End PBXGroup section */

/* Begin PBXNativeTarget section */
		84DB2D041DF80D5D001242A7 /* calculator1 */ = {
			isa = PBXNativeTarget;
			buildConfigurationList = 84DB2D2D1DF80D5D001242A7 /* Build configuration list for PBXNativeTarget "calculator1" */;
			buildPhases = (
				84DB2D011DF80D5D001242A7 /* Sources */,
				84DB2D021DF80D5D001242A7 /* Frameworks */,
				84DB2D031DF80D5D001242A7 /* Resources */,
			);
			buildRules = (
			);
			dependencies = (
			);
			name = calculator1;
			productName = calculator1;
			productReference = 84DB2D051DF80D5D001242A7 /* calculator1.app */;
			productType = "com.apple.product-type.application";
		};
		84DB2D181DF80D5D001242A7 /* calculator1Tests */ = {
			isa = PBXNativeTarget;
			buildConfigurationList = 84DB2D301DF80D5D001242A7 /* Build configuration list for PBXNativeTarget "calculator1Tests" */;
			buildPhases = (
				84DB2D151DF80D5D001242A7 /* Sources */,
				84DB2D161DF80D5D001242A7 /* Frameworks */,
				84DB2D171DF80D5D001242A7 /* Resources */,
			);
			buildRules = (
			);
			dependencies = (
				84DB2D1B1DF80D5D001242A7 /* PBXTargetDependency */,
			);
			name = calculator1Tests;
			productName = calculator1Tests;
			productReference = 84DB2D191DF80D5D001242A7 /* calculator1Tests.xctest */;
			productType = "com.apple.product-type.bundle.unit-test";
		};
		84DB2D231DF80D5D001242A7 /* calculator1UITests */ = {
			isa = PBXNativeTarget;
			buildConfigurationList = 84DB2D331DF80D5D001242A7 /* Build configuration list for PBXNativeTarget "calculator1UITests" */;
			buildPhases = (
				84DB2D201DF80D5D001242A7 /* Sources */,
				84DB2D211DF80D5D001242A7 /* Frameworks */,
				84DB2D221DF80D5D001242A7 /* Resources */,
			);
			buildRules = (
			);
			dependencies = (
				84DB2D261DF80D5D001242A7 /* PBXTargetDependency */,
			);
			name = calculator1UITests;
			productName = calculator1UITests;
			productReference = 84DB2D241DF80D5D001242A7 /* calculator1UITests.xctest */;
			productType = "com.apple.product-type.bundle.ui-testing";
		};
/* End PBXNativeTarget section */

/* Begin PBXProject section */
		84DB2CFD1DF80D5D001242A7 /* Project object */ = {
			isa = PBXProject;
			attributes = {
				LastSwiftUpdateCheck = 0730;
				LastUpgradeCheck = 0730;
				ORGANIZATIONNAME = Shoko;
				TargetAttributes = {
					84DB2D041DF80D5D001242A7 = {
						CreatedOnToolsVersion = 7.3.1;
						DevelopmentTeam = ENLXXUM368;
					};
					84DB2D181DF80D5D001242A7 = {
						CreatedOnToolsVersion = 7.3.1;
						DevelopmentTeam = ENLXXUM368;
						TestTargetID = 84DB2D041DF80D5D001242A7;
					};
					84DB2D231DF80D5D001242A7 = {
						CreatedOnToolsVersion = 7.3.1;
						DevelopmentTeam = ENLXXUM368;
						TestTargetID = 84DB2D041DF80D5D001242A7;
					};
				};
			};
			buildConfigurationList = 84DB2D001DF80D5D001242A7 /* Build configuration list for PBXProject "calculator1" */;
			compatibilityVersion = "Xcode 3.2";
			developmentRegion = English;
			hasScannedForEncodings = 0;
			knownRegions = (
				en,
				Base,
			);
			mainGroup = 84DB2CFC1DF80D5D001242A7;
			productRefGroup = 84DB2D061DF80D5D001242A7 /* Products */;
			projectDirPath = "";
			projectRoot = "";
			targets = (
				84DB2D041DF80D5D001242A7 /* calculator1 */,
				84DB2D181DF80D5D001242A7 /* calculator1Tests */,
				84DB2D231DF80D5D001242A7 /* calculator1UITests */,
			);
		};
/* End PBXProject section */

/* Begin PBXResourcesBuildPhase section */
		84DB2D031DF80D5D001242A7 /* Resources */ = {
			isa = PBXResourcesBuildPhase;
			buildActionMask = 2147483647;
			files = (
				84DB2D131DF80D5D001242A7 /* LaunchScreen.storyboard in Resources */,
				84DB2D101DF80D5D001242A7 /* Assets.xcassets in Resources */,
				84DB2D0E1DF80D5D001242A7 /* Main.storyboard in Resources */,
			);
			runOnlyForDeploymentPostprocessing = 0;
		};
		84DB2D171DF80D5D001242A7 /* Resources */ = {
			isa = PBXResourcesBuildPhase;
			buildActionMask = 2147483647;
			files = (
			);
			runOnlyForDeploymentPostprocessing = 0;
		};
		84DB2D221DF80D5D001242A7 /* Resources */ = {
			isa = PBXResourcesBuildPhase;
			buildActionMask = 2147483647;
			files = (
			);
			runOnlyForDeploymentPostprocessing = 0;
		};
/* End PBXResourcesBuildPhase section */

/* Begin PBXSourcesBuildPhase section */
		84DB2D011DF80D5D001242A7 /* Sources */ = {
			isa = PBXSourcesBuildPhase;
			buildActionMask = 2147483647;
			files = (
				84DB2D0B1DF80D5D001242A7 /* ViewController.swift in Sources */,
				84DB2D091DF80D5D001242A7 /* AppDelegate.swift in Sources */,
			);
			runOnlyForDeploymentPostprocessing = 0;
		};
		84DB2D151DF80D5D001242A7 /* Sources */ = {
			isa = PBXSourcesBuildPhase;
			buildActionMask = 2147483647;
			files = (
				84DB2D1E1DF80D5D001242A7 /* calculator1Tests.swift in Sources */,
			);
			runOnlyForDeploymentPostprocessing = 0;
		};
		84DB2D201DF80D5D001242A7 /* Sources */ = {
			isa = PBXSourcesBuildPhase;
			buildActionMask = 2147483647;
			files = (
				84DB2D291DF80D5D001242A7 /* calculator1UITests.swift in Sources */,
			);
			runOnlyForDeploymentPostprocessing = 0;
		};
/* End PBXSourcesBuildPhase section */

/* Begin PBXTargetDependency section */
		84DB2D1B1DF80D5D001242A7 /* PBXTargetDependency */ = {
			isa = PBXTargetDependency;
			target = 84DB2D041DF80D5D001242A7 /* calculator1 */;
			targetProxy = 84DB2D1A1DF80D5D001242A7 /* PBXContainerItemProxy */;
		};
		84DB2D261DF80D5D001242A7 /* PBXTargetDependency */ = {
			isa = PBXTargetDependency;
			target = 84DB2D041DF80D5D001242A7 /* calculator1 */;
			targetProxy = 84DB2D251DF80D5D001242A7 /* PBXContainerItemProxy */;
		};
/* End PBXTargetDependency section */

/* Begin PBXVariantGroup section */
		84DB2D0C1DF80D5D001242A7 /* Main.storyboard */ = {
			isa = PBXVariantGroup;
			children = (
				84DB2D0D1DF80D5D001242A7 /* Base */,
			);
			name = Main.storyboard;
			sourceTree = "<group>";
		};
		84DB2D111DF80D5D001242A7 /* LaunchScreen.storyboard */ = {
			isa = PBXVariantGroup;
			children = (
				84DB2D121DF80D5D001242A7 /* Base */,
			);
			name = LaunchScreen.storyboard;
			sourceTree = "<group>";
		};
/* End PBXVariantGroup section */

/* Begin XCBuildConfiguration section */
		84DB2D2B1DF80D5D001242A7 /* Debug */ = {
			isa = XCBuildConfiguration;
			buildSettings = {
				ALWAYS_SEARCH_USER_PATHS = NO;
				CLANG_ANALYZER_NONNULL = YES;
				CLANG_CXX_LANGUAGE_STANDARD = "gnu++0x";
				CLANG_CXX_LIBRARY = "libc++";
				CLANG_ENABLE_MODULES = YES;
				CLANG_ENABLE_OBJC_ARC = YES;
				CLANG_WARN_BOOL_CONVERSION = YES;
				CLANG_WARN_CONSTANT_CONVERSION = YES;
				CLANG_WARN_DIRECT_OBJC_ISA_USAGE = YES_ERROR;
				CLANG_WARN_EMPTY_BODY = YES;
				CLANG_WARN_ENUM_CONVERSION = YES;
				CLANG_WARN_INT_CONVERSION = YES;
				CLANG_WARN_OBJC_ROOT_CLASS = YES_ERROR;
				CLANG_WARN_UNREACHABLE_CODE = YES;
				CLANG_WARN__DUPLICATE_METHOD_MATCH = YES;
				"CODE_SIGN_IDENTITY[sdk=iphoneos*]" = "iPhone Developer";
				COPY_PHASE_STRIP = NO;
				DEBUG_INFORMATION_FORMAT = dwarf;
				ENABLE_STRICT_OBJC_MSGSEND = YES;
				ENABLE_TESTABILITY = YES;
				GCC_C_LANGUAGE_STANDARD = gnu99;
				GCC_DYNAMIC_NO_PIC = NO;
				GCC_NO_COMMON_BLOCKS = YES;
				GCC_OPTIMIZATION_LEVEL = 0;
				GCC_PREPROCESSOR_DEFINITIONS = (
					"DEBUG=1",
					"$(inherited)",
				);
				GCC_WARN_64_TO_32_BIT_CONVERSION = YES;
				GCC_WARN_ABOUT_RETURN_TYPE = YES_ERROR;
				GCC_WARN_UNDECLARED_SELECTOR = YES;
				GCC_WARN_UNINITIALIZED_AUTOS = YES_AGGRESSIVE;
				GCC_WARN_UNUSED_FUNCTION = YES;
				GCC_WARN_UNUSED_VARIABLE = YES;
				IPHONEOS_DEPLOYMENT_TARGET = 9.3;
				MTL_ENABLE_DEBUG_INFO = YES;
				ONLY_ACTIVE_ARCH = YES;
				SDKROOT = iphoneos;
				SWIFT_OPTIMIZATION_LEVEL = "-Onone";
				TARGETED_DEVICE_FAMILY = "1,2";
			};
			name = Debug;
		};
		84DB2D2C1DF80D5D001242A7 /* Release */ = {
			isa = XCBuildConfiguration;
			buildSettings = {
				ALWAYS_SEARCH_USER_PATHS = NO;
				CLANG_ANALYZER_NONNULL = YES;
				CLANG_CXX_LANGUAGE_STANDARD = "gnu++0x";
				CLANG_CXX_LIBRARY = "libc++";
				CLANG_ENABLE_MODULES = YES;
				CLANG_ENABLE_OBJC_ARC = YES;
				CLANG_WARN_BOOL_CONVERSION = YES;
				CLANG_WARN_CONSTANT_CONVERSION = YES;
				CLANG_WARN_DIRECT_OBJC_ISA_USAGE = YES_ERROR;
				CLANG_WARN_EMPTY_BODY = YES;
				CLANG_WARN_ENUM_CONVERSION = YES;
				CLANG_WARN_INT_CONVERSION = YES;
				CLANG_WARN_OBJC_ROOT_CLASS = YES_ERROR;
				CLANG_WARN_UNREACHABLE_CODE = YES;
				CLANG_WARN__DUPLICATE_METHOD_MATCH = YES;
				"CODE_SIGN_IDENTITY[sdk=iphoneos*]" = "iPhone Developer";
				COPY_PHASE_STRIP = NO;
				DEBUG_INFORMATION_FORMAT = "dwarf-with-dsym";
				ENABLE_NS_ASSERTIONS = NO;
				ENABLE_STRICT_OBJC_MSGSEND = YES;
				GCC_C_LANGUAGE_STANDARD = gnu99;
				GCC_NO_COMMON_BLOCKS = YES;
				GCC_WARN_64_TO_32_BIT_CONVERSION = YES;
				GCC_WARN_ABOUT_RETURN_TYPE = YES_ERROR;
				GCC_WARN_UNDECLARED_SELECTOR = YES;
				GCC_WARN_UNINITIALIZED_AUTOS = YES_AGGRESSIVE;
				GCC_WARN_UNUSED_FUNCTION = YES;
				GCC_WARN_UNUSED_VARIABLE = YES;
				IPHONEOS_DEPLOYMENT_TARGET = 9.3;
				MTL_ENABLE_DEBUG_INFO = NO;
				SDKROOT = iphoneos;
				TARGETED_DEVICE_FAMILY = "1,2";
				VALIDATE_PRODUCT = YES;
			};
			name = Release;
		};
		84DB2D2E1DF80D5D001242A7 /* Debug */ = {
			isa = XCBuildConfiguration;
			buildSettings = {
				ASSETCATALOG_COMPILER_APPICON_NAME = AppIcon;
				INFOPLIST_FILE = calculator1/Info.plist;
				LD_RUNPATH_SEARCH_PATHS = "$(inherited) @executable_path/Frameworks";
				PRODUCT_BUNDLE_IDENTIFIER = test.2.calculator1;
				PRODUCT_NAME = "$(TARGET_NAME)";
			};
			name = Debug;
		};
		84DB2D2F1DF80D5D001242A7 /* Release */ = {
			isa = XCBuildConfiguration;
			buildSettings = {
				ASSETCATALOG_COMPILER_APPICON_NAME = AppIcon;
				INFOPLIST_FILE = calculator1/Info.plist;
				LD_RUNPATH_SEARCH_PATHS = "$(inherited) @executable_path/Frameworks";
				PRODUCT_BUNDLE_IDENTIFIER = test.2.calculator1;
				PRODUCT_NAME = "$(TARGET_NAME)";
			};
			name = Release;
		};
		84DB2D311DF80D5D001242A7 /* Debug */ = {
			isa = XCBuildConfiguration;
			buildSettings = {
				BUNDLE_LOADER = "$(TEST_HOST)";
				INFOPLIST_FILE = calculator1Tests/Info.plist;
				LD_RUNPATH_SEARCH_PATHS = "$(inherited) @executable_path/Frameworks @loader_path/Frameworks";
				PRODUCT_BUNDLE_IDENTIFIER = test.2.calculator1Tests;
				PRODUCT_NAME = "$(TARGET_NAME)";
				TEST_HOST = "$(BUILT_PRODUCTS_DIR)/calculator1.app/calculator1";
			};
			name = Debug;
		};
		84DB2D321DF80D5D001242A7 /* Release */ = {
			isa = XCBuildConfiguration;
			buildSettings = {
				BUNDLE_LOADER = "$(TEST_HOST)";
				INFOPLIST_FILE = calculator1Tests/Info.plist;
				LD_RUNPATH_SEARCH_PATHS = "$(inherited) @executable_path/Frameworks @loader_path/Frameworks";
				PRODUCT_BUNDLE_IDENTIFIER = test.2.calculator1Tests;
				PRODUCT_NAME = "$(TARGET_NAME)";
				TEST_HOST = "$(BUILT_PRODUCTS_DIR)/calculator1.app/calculator1";
			};
			name = Release;
		};
		84DB2D341DF80D5D001242A7 /* Debug */ = {
			isa = XCBuildConfiguration;
			buildSettings = {
				INFOPLIST_FILE = calculator1UITests/Info.plist;
				LD_RUNPATH_SEARCH_PATHS = "$(inherited) @executable_path/Frameworks @loader_path/Frameworks";
				PRODUCT_BUNDLE_IDENTIFIER = test.2.calculator1UITests;
				PRODUCT_NAME = "$(TARGET_NAME)";
				TEST_TARGET_NAME = calculator1;
			};
			name = Debug;
		};
		84DB2D351DF80D5D001242A7 /* Release */ = {
			isa = XCBuildConfiguration;
			buildSettings = {
				INFOPLIST_FILE = calculator1UITests/Info.plist;
				LD_RUNPATH_SEARCH_PATHS = "$(inherited) @executable_path/Frameworks @loader_path/Frameworks";
				PRODUCT_BUNDLE_IDENTIFIER = test.2.calculator1UITests;
				PRODUCT_NAME = "$(TARGET_NAME)";
				TEST_TARGET_NAME = calculator1;
			};
			name = Release;
		};
/* End XCBuildConfiguration section */

/* Begin XCConfigurationList section */
		84DB2D001DF80D5D001242A7 /* Build configuration list for PBXProject "calculator1" */ = {
			isa = XCConfigurationList;
			buildConfigurations = (
				84DB2D2B1DF80D5D001242A7 /* Debug */,
				84DB2D2C1DF80D5D001242A7 /* Release */,
			);
			defaultConfigurationIsVisible = 0;
			defaultConfigurationName = Release;
		};
		84DB2D2D1DF80D5D001242A7 /* Build configuration list for PBXNativeTarget "calculator1" */ = {
			isa = XCConfigurationList;
			buildConfigurations = (
				84DB2D2E1DF80D5D001242A7 /* Debug */,
				84DB2D2F1DF80D5D001242A7 /* Release */,
			);
			defaultConfigurationIsVisible = 0;
		};
		84DB2D301DF80D5D001242A7 /* Build configuration list for PBXNativeTarget "calculator1Tests" */ = {
			isa = XCConfigurationList;
			buildConfigurations = (
				84DB2D311DF80D5D001242A7 /* Debug */,
				84DB2D321DF80D5D001242A7 /* Release */,
			);
			defaultConfigurationIsVisible = 0;
		};
		84DB2D331DF80D5D001242A7 /* Build configuration list for PBXNativeTarget "calculator1UITests" */ = {
			isa = XCConfigurationList;
			buildConfigurations = (
				84DB2D341DF80D5D001242A7 /* Debug */,
				84DB2D351DF80D5D001242A7 /* Release */,
			);
			defaultConfigurationIsVisible = 0;
		};
/* End XCConfigurationList section */
	};
	rootObject = 84DB2CFD1DF80D5D001242A7 /* Project object */;
}
